
Microsoft Visual Studio Solution File, Format Version 12.00
# Visual Studio Version 17
VisualStudioVersion = 17.7.34031.279
MinimumVisualStudioVersion = 10.0.40219.1
Project("{8BC9CEB8-8B4A-11D0-8D11-00A0C91BC942}") = "LR1_1", "LR1_1\LR1_1.vcxproj", "{4623528D-2EB3-4BD8-9E25-9E371A3C9DEC}"
EndProject
Project("{8BC9CEB8-8B4A-11D0-8D11-00A0C91BC942}") = "LR1_2", "LR1_2\LR1_2.vcxproj", "{ADCFC778-11DB-4AF0-B719-AB149AEB547C}"
EndProject
Project("{8BC9CEB8-8B4A-11D0-8D11-00A0C91BC942}") = "LR1_3", "LR1_3\LR1_3.vcxproj", "{7EEAD102-90F2-4E6A-B26A-40B18CBCFBB5}"
EndProject
Project("{FAE04EC0-301F-11D3-BF4B-00C04F79EFBC}") = "LR2", "LR2\LR2.csproj", "{995E159D-2C4A-43B6-9AC7-D0AB104E9D7A}"
EndProject
Project("{8BC9CEB8-8B4A-11D0-8D11-00A0C91BC942}") = "LR3", "LR3\LR3.vcxproj", "{A81984F9-8256-40AB-BCCF-EEE11AF4C5B2}"
EndProject
Project("{FAE04EC0-301F-11D3-BF4B-00C04F79EFBC}") = "LR4", "LR4\LR4.csproj", "{C15EF3FC-FD16-4328-BC87-FFFA8DEEFACF}"
EndProject
Global
	GlobalSection(SolutionConfigurationPlatforms) = preSolution
		Debug|x64 = Debug|x64
		Debug|x86 = Debug|x86
		Release|x64 = Release|x64
		Release|x86 = Release|x86
	EndGlobalSection
	GlobalSection(ProjectConfigurationPlatforms) = postSolution
		{4623528D-2EB3-4BD8-9E25-9E371A3C9DEC}.Debug|x64.ActiveCfg = Debug|x64
		{4623528D-2EB3-4BD8-9E25-9E371A3C9DEC}.Debug|x64.Build.0 = Debug|x64
		{4623528D-2EB3-4BD8-9E25-9E371A3C9DEC}.Debug|x86.ActiveCfg = Debug|Win32
		{4623528D-2EB3-4BD8-9E25-9E371A3C9DEC}.Debug|x86.Build.0 = Debug|Win32
		{4623528D-2EB3-4BD8-9E25-9E371A3C9DEC}.Release|x64.ActiveCfg = Release|x64
		{4623528D-2EB3-4BD8-9E25-9E371A3C9DEC}.Release|x64.Build.0 = Release|x64
		{4623528D-2EB3-4BD8-9E25-9E371A3C9DEC}.Release|x86.ActiveCfg = Release|Win32
		{4623528D-2EB3-4BD8-9E25-9E371A3C9DEC}.Release|x86.Build.0 = Release|Win32
		{ADCFC778-11DB-4AF0-B719-AB149AEB547C}.Debug|x64.ActiveCfg = Debug|x64
		{ADCFC778-11DB-4AF0-B719-AB149AEB547C}.Debug|x64.Build.0 = Debug|x64
		{ADCFC778-11DB-4AF0-B719-AB149AEB547C}.Debug|x86.ActiveCfg = Debug|Win32
		{ADCFC778-11DB-4AF0-B719-AB149AEB547C}.Debug|x86.Build.0 = Debug|Win32
		{ADCFC778-11DB-4AF0-B719-AB149AEB547C}.Release|x64.ActiveCfg = Release|x64
		{ADCFC778-11DB-4AF0-B719-AB149AEB547C}.Release|x64.Build.0 = Release|x64
		{ADCFC778-11DB-4AF0-B719-AB149AEB547C}.Release|x86.ActiveCfg = Release|Win32
		{ADCFC778-11DB-4AF0-B719-AB149AEB547C}.Release|x86.Build.0 = Release|Win32
		{7EEAD102-90F2-4E6A-B26A-40B18CBCFBB5}.Debug|x64.ActiveCfg = Debug|x64
		{7EEAD102-90F2-4E6A-B26A-40B18CBCFBB5}.Debug|x64.Build.0 = Debug|x64
		{7EEAD102-90F2-4E6A-B26A-40B18CBCFBB5}.Debug|x86.ActiveCfg = Debug|Win32
		{7EEAD102-90F2-4E6A-B26A-40B18CBCFBB5}.Debug|x86.Build.0 = Debug|Win32
		{7EEAD102-90F2-4E6A-B26A-40B18CBCFBB5}.Release|x64.ActiveCfg = Release|x64
		{7EEAD102-90F2-4E6A-B26A-40B18CBCFBB5}.Release|x64.Build.0 = Release|x64
		{7EEAD102-90F2-4E6A-B26A-40B18CBCFBB5}.Release|x86.ActiveCfg = Release|Win32
		{7EEAD102-90F2-4E6A-B26A-40B18CBCFBB5}.Release|x86.Build.0 = Release|Win32
		{995E159D-2C4A-43B6-9AC7-D0AB104E9D7A}.Debug|x64.ActiveCfg = Debug|Any CPU
		{995E159D-2C4A-43B6-9AC7-D0AB104E9D7A}.Debug|x64.Build.0 = Debug|Any CPU
		{995E159D-2C4A-43B6-9AC7-D0AB104E9D7A}.Debug|x86.ActiveCfg = Debug|Any CPU
		{995E159D-2C4A-43B6-9AC7-D0AB104E9D7A}.Debug|x86.Build.0 = Debug|Any CPU
		{995E159D-2C4A-43B6-9AC7-D0AB104E9D7A}.Release|x64.ActiveCfg = Release|Any CPU
		{995E159D-2C4A-43B6-9AC7-D0AB104E9D7A}.Release|x64.Build.0 = Release|Any CPU
		{995E159D-2C4A-43B6-9AC7-D0AB104E9D7A}.Release|x86.ActiveCfg = Release|Any CPU
		{995E159D-2C4A-43B6-9AC7-D0AB104E9D7A}.Release|x86.Build.0 = Release|Any CPU
		{A81984F9-8256-40AB-BCCF-EEE11AF4C5B2}.Debug|x64.ActiveCfg = Debug|x64
		{A81984F9-8256-40AB-BCCF-EEE11AF4C5B2}.Debug|x64.Build.0 = Debug|x64
		{A81984F9-8256-40AB-BCCF-EEE11AF4C5B2}.Debug|x86.ActiveCfg = Debug|Win32
		{A81984F9-8256-40AB-BCCF-EEE11AF4C5B2}.Debug|x86.Build.0 = Debug|Win32
		{A81984F9-8256-40AB-BCCF-EEE11AF4C5B2}.Release|x64.ActiveCfg = Release|x64
		{A81984F9-8256-40AB-BCCF-EEE11AF4C5B2}.Release|x64.Build.0 = Release|x64
		{A81984F9-8256-40AB-BCCF-EEE11AF4C5B2}.Release|x86.ActiveCfg = Release|Win32
		{A81984F9-8256-40AB-BCCF-EEE11AF4C5B2}.Release|x86.Build.0 = Release|Win32
		{C15EF3FC-FD16-4328-BC87-FFFA8DEEFACF}.Debug|x64.ActiveCfg = Debug|Any CPU
		{C15EF3FC-FD16-4328-BC87-FFFA8DEEFACF}.Debug|x64.Build.0 = Debug|Any CPU
		{C15EF3FC-FD16-4328-BC87-FFFA8DEEFACF}.Debug|x86.ActiveCfg = Debug|Any CPU
		{C15EF3FC-FD16-4328-BC87-FFFA8DEEFACF}.Debug|x86.Build.0 = Debug|Any CPU
		{C15EF3FC-FD16-4328-BC87-FFFA8DEEFACF}.Release|x64.ActiveCfg = Release|Any CPU
		{C15EF3FC-FD16-4328-BC87-FFFA8DEEFACF}.Release|x64.Build.0 = Release|Any CPU
		{C15EF3FC-FD16-4328-BC87-FFFA8DEEFACF}.Release|x86.ActiveCfg = Release|Any CPU
		{C15EF3FC-FD16-4328-BC87-FFFA8DEEFACF}.Release|x86.Build.0 = Release|Any CPU
	EndGlobalSection
	GlobalSection(SolutionProperties) = preSolution
		HideSolutionNode = FALSE
	EndGlobalSection
	GlobalSection(ExtensibilityGlobals) = postSolution
		SolutionGuid = {690E4E1E-B194-4095-B8A7-730AAFEC0B61}
	EndGlobalSection
EndGlobal
